
Microsoft Visual Studio Solution File, Format Version 12.00
# Visual Studio Version 16
VisualStudioVersion = 16.0.30001.183
MinimumVisualStudioVersion = 10.0.40219.1
Project("{FAE04EC0-301F-11D3-BF4B-00C04F79EFBC}") = "ScribanMVC", "ScribanMVC.csproj", "{8468EA06-FB55-445D-AE6B-8D5F17020936}"
EndProject
Global
	GlobalSection(SolutionConfigurationPlatforms) = preSolution
		Debug|Any CPU = Debug|Any CPU
		Release|Any CPU = Release|Any CPU
	EndGlobalSection
	GlobalSection(ProjectConfigurationPlatforms) = postSolution
		{8468EA06-FB55-445D-AE6B-8D5F17020936}.Debug|Any CPU.ActiveCfg = Debug|Any CPU
		{8468EA06-FB55-445D-AE6B-8D5F17020936}.Debug|Any CPU.Build.0 = Debug|Any CPU
		{8468EA06-FB55-445D-AE6B-8D5F17020936}.Release|Any CPU.ActiveCfg = Release|Any CPU
		{8468EA06-FB55-445D-AE6B-8D5F17020936}.Release|Any CPU.Build.0 = Release|Any CPU
	EndGlobalSection
	GlobalSection(SolutionProperties) = preSolution
		HideSolutionNode = FALSE
	EndGlobalSection
	GlobalSection(ExtensibilityGlobals) = postSolution
		SolutionGuid = {50CF5EFB-E4DB-40E5-921F-8CF5E40F5C7A}
	EndGlobalSection
EndGlobal
