
Microsoft Visual Studio Solution File, Format Version 12.00
# Visual Studio Version 16
VisualStudioVersion = 16.0.30001.183
MinimumVisualStudioVersion = 10.0.40219.1
Project("{FAE04EC0-301F-11D3-BF4B-00C04F79EFBC}") = "ScribanMVC", "ScribanMVC.csproj", "{EF4A9EA2-B44C-41B1-A5FD-5E2C8C6557A0}"
EndProject
Global
	GlobalSection(SolutionConfigurationPlatforms) = preSolution
		Debug|Any CPU = Debug|Any CPU
		Release|Any CPU = Release|Any CPU
	EndGlobalSection
	GlobalSection(ProjectConfigurationPlatforms) = postSolution
		{EF4A9EA2-B44C-41B1-A5FD-5E2C8C6557A0}.Debug|Any CPU.ActiveCfg = Debug|Any CPU
		{EF4A9EA2-B44C-41B1-A5FD-5E2C8C6557A0}.Debug|Any CPU.Build.0 = Debug|Any CPU
		{EF4A9EA2-B44C-41B1-A5FD-5E2C8C6557A0}.Release|Any CPU.ActiveCfg = Release|Any CPU
		{EF4A9EA2-B44C-41B1-A5FD-5E2C8C6557A0}.Release|Any CPU.Build.0 = Release|Any CPU
	EndGlobalSection
	GlobalSection(SolutionProperties) = preSolution
		HideSolutionNode = FALSE
	EndGlobalSection
	GlobalSection(ExtensibilityGlobals) = postSolution
		SolutionGuid = {64784977-3551-46C9-AAF3-3FCA0DA18F2E}
	EndGlobalSection
EndGlobal
